
Microsoft Visual Studio Solution File, Format Version 11.00
# Visual Studio 2010
Project("{F184B08F-C81C-45F6-A57F-5ABD9991F28F}") = "GabTrackbar", "GabSlider\GabTrackbar.vbproj", "{E43D21D1-8048-4E07-9D68-CF710D5379E0}"
EndProject
Project("{F184B08F-C81C-45F6-A57F-5ABD9991F28F}") = "GabTrackbarTest", "GabSliderTest\GabTrackbarTest.vbproj", "{19DFCA9E-A4BB-449D-A8B6-7AA15E4C6E8C}"
EndProject
Project("{2150E333-8FDC-42A3-9474-1A3956D46DE8}") = "Solution Items", "Solution Items", "{8189665B-E3E0-4861-8DA1-448841BE74F4}"
EndProject
Global
	GlobalSection(SolutionConfigurationPlatforms) = preSolution
		Debug|Any CPU = Debug|Any CPU
		Release|Any CPU = Release|Any CPU
	EndGlobalSection
	GlobalSection(ProjectConfigurationPlatforms) = postSolution
		{E43D21D1-8048-4E07-9D68-CF710D5379E0}.Debug|Any CPU.ActiveCfg = Debug|Any CPU
		{E43D21D1-8048-4E07-9D68-CF710D5379E0}.Debug|Any CPU.Build.0 = Debug|Any CPU
		{E43D21D1-8048-4E07-9D68-CF710D5379E0}.Release|Any CPU.ActiveCfg = Release|Any CPU
		{E43D21D1-8048-4E07-9D68-CF710D5379E0}.Release|Any CPU.Build.0 = Release|Any CPU
		{19DFCA9E-A4BB-449D-A8B6-7AA15E4C6E8C}.Debug|Any CPU.ActiveCfg = Debug|Any CPU
		{19DFCA9E-A4BB-449D-A8B6-7AA15E4C6E8C}.Debug|Any CPU.Build.0 = Debug|Any CPU
		{19DFCA9E-A4BB-449D-A8B6-7AA15E4C6E8C}.Release|Any CPU.ActiveCfg = Release|Any CPU
		{19DFCA9E-A4BB-449D-A8B6-7AA15E4C6E8C}.Release|Any CPU.Build.0 = Release|Any CPU
	EndGlobalSection
	GlobalSection(SolutionProperties) = preSolution
		HideSolutionNode = FALSE
	EndGlobalSection
EndGlobal
